
Microsoft Visual Studio Solution File, Format Version 12.00
# Visual Studio Version 17
VisualStudioVersion = 17.14.36408.4 d17.14
MinimumVisualStudioVersion = 10.0.40219.1
Project("{FAE04EC0-301F-11D3-BF4B-00C04F79EFBC}") = "SDK", "SDK.csproj", "{E5518096-D675-4037-B897-D7E79B68D6CE}"
EndProject
Global
	GlobalSection(SolutionConfigurationPlatforms) = preSolution
		Debug|Any CPU = Debug|Any CPU
		Release|Any CPU = Release|Any CPU
	EndGlobalSection
	GlobalSection(ProjectConfigurationPlatforms) = postSolution
		{E5518096-D675-4037-B897-D7E79B68D6CE}.Debug|Any CPU.ActiveCfg = Debug|Any CPU
		{E5518096-D675-4037-B897-D7E79B68D6CE}.Debug|Any CPU.Build.0 = Debug|Any CPU
		{E5518096-D675-4037-B897-D7E79B68D6CE}.Release|Any CPU.ActiveCfg = Release|Any CPU
		{E5518096-D675-4037-B897-D7E79B68D6CE}.Release|Any CPU.Build.0 = Release|Any CPU
	EndGlobalSection
	GlobalSection(SolutionProperties) = preSolution
		HideSolutionNode = FALSE
	EndGlobalSection
	GlobalSection(ExtensibilityGlobals) = postSolution
		SolutionGuid = {6136EFC4-E5D9-4031-B8CD-346C70BF8944}
	EndGlobalSection
EndGlobal
